
Microsoft Visual Studio Solution File, Format Version 12.00
# Visual Studio 15
VisualStudioVersion = 15.0.27703.2047
MinimumVisualStudioVersion = 10.0.40219.1
Project("{FAE04EC0-301F-11D3-BF4B-00C04F79EFBC}") = "NeuralEvolution", "NeuralEvolution\NeuralEvolution.csproj", "{DE26F53E-EC09-437A-87C5-539D1ECED27F}"
EndProject
Global
	GlobalSection(SolutionConfigurationPlatforms) = preSolution
		Debug|Any CPU = Debug|Any CPU
		Release|Any CPU = Release|Any CPU
	EndGlobalSection
	GlobalSection(ProjectConfigurationPlatforms) = postSolution
		{DE26F53E-EC09-437A-87C5-539D1ECED27F}.Debug|Any CPU.ActiveCfg = Debug|Any CPU
		{DE26F53E-EC09-437A-87C5-539D1ECED27F}.Debug|Any CPU.Build.0 = Debug|Any CPU
		{DE26F53E-EC09-437A-87C5-539D1ECED27F}.Release|Any CPU.ActiveCfg = Release|Any CPU
		{DE26F53E-EC09-437A-87C5-539D1ECED27F}.Release|Any CPU.Build.0 = Release|Any CPU
	EndGlobalSection
	GlobalSection(SolutionProperties) = preSolution
		HideSolutionNode = FALSE
	EndGlobalSection
	GlobalSection(ExtensibilityGlobals) = postSolution
		SolutionGuid = {CF610BF0-DB1C-41E0-A2D6-DD3C1F3DA88D}
	EndGlobalSection
EndGlobal
